
Microsoft Visual Studio Solution File, Format Version 11.00
# Visual Studio 2010
Project("{FAE04EC0-301F-11D3-BF4B-00C04F79EFBC}") = "Barload", "Assembly-CSharp-firstpass.csproj", "{92ACE3EE-E47C-8D8B-E359-DADD6B1B24B7}"
EndProject
Project("{FAE04EC0-301F-11D3-BF4B-00C04F79EFBC}") = "Barload", "Assembly-CSharp.csproj", "{AFB2C6DE-F88D-1D04-A803-D2CB20F1C387}"
EndProject
Project("{FAE04EC0-301F-11D3-BF4B-00C04F79EFBC}") = "Barload", "Assembly-CSharp-Editor-firstpass.csproj", "{0D25004F-C870-68AD-C51B-352C8E127AC8}"
EndProject
Project("{FAE04EC0-301F-11D3-BF4B-00C04F79EFBC}") = "Barload", "Assembly-CSharp-Editor.csproj", "{1970171A-60FB-0E1E-189D-EC072491B6BE}"
EndProject
Global
	GlobalSection(SolutionConfigurationPlatforms) = preSolution
		Debug|Any CPU = Debug|Any CPU
		Release|Any CPU = Release|Any CPU
	EndGlobalSection
	GlobalSection(ProjectConfigurationPlatforms) = postSolution
		{92ACE3EE-E47C-8D8B-E359-DADD6B1B24B7}.Debug|Any CPU.ActiveCfg = Debug|Any CPU
		{92ACE3EE-E47C-8D8B-E359-DADD6B1B24B7}.Debug|Any CPU.Build.0 = Debug|Any CPU
		{92ACE3EE-E47C-8D8B-E359-DADD6B1B24B7}.Release|Any CPU.ActiveCfg = Release|Any CPU
		{92ACE3EE-E47C-8D8B-E359-DADD6B1B24B7}.Release|Any CPU.Build.0 = Release|Any CPU
		{AFB2C6DE-F88D-1D04-A803-D2CB20F1C387}.Debug|Any CPU.ActiveCfg = Debug|Any CPU
		{AFB2C6DE-F88D-1D04-A803-D2CB20F1C387}.Debug|Any CPU.Build.0 = Debug|Any CPU
		{AFB2C6DE-F88D-1D04-A803-D2CB20F1C387}.Release|Any CPU.ActiveCfg = Release|Any CPU
		{AFB2C6DE-F88D-1D04-A803-D2CB20F1C387}.Release|Any CPU.Build.0 = Release|Any CPU
		{0D25004F-C870-68AD-C51B-352C8E127AC8}.Debug|Any CPU.ActiveCfg = Debug|Any CPU
		{0D25004F-C870-68AD-C51B-352C8E127AC8}.Debug|Any CPU.Build.0 = Debug|Any CPU
		{0D25004F-C870-68AD-C51B-352C8E127AC8}.Release|Any CPU.ActiveCfg = Release|Any CPU
		{0D25004F-C870-68AD-C51B-352C8E127AC8}.Release|Any CPU.Build.0 = Release|Any CPU
		{1970171A-60FB-0E1E-189D-EC072491B6BE}.Debug|Any CPU.ActiveCfg = Debug|Any CPU
		{1970171A-60FB-0E1E-189D-EC072491B6BE}.Debug|Any CPU.Build.0 = Debug|Any CPU
		{1970171A-60FB-0E1E-189D-EC072491B6BE}.Release|Any CPU.ActiveCfg = Release|Any CPU
		{1970171A-60FB-0E1E-189D-EC072491B6BE}.Release|Any CPU.Build.0 = Release|Any CPU
	EndGlobalSection
	GlobalSection(SolutionProperties) = preSolution
		HideSolutionNode = FALSE
	EndGlobalSection
	GlobalSection(MonoDevelopProperties) = preSolution
		StartupItem = Assembly-CSharp.csproj
	EndGlobalSection
EndGlobal
